
Microsoft Visual Studio Solution File, Format Version 12.00
# Visual Studio Version 17
VisualStudioVersion = 17.12.35521.163 d17.12
MinimumVisualStudioVersion = 10.0.40219.1
Project("{FAE04EC0-301F-11D3-BF4B-00C04F79EFBC}") = "TestRelativePanelDrop", "TestRelativePanelDrop\TestRelativePanelDrop.csproj", "{24932385-D67F-4E2F-BE4A-7601E3F158FC}"
EndProject
Project("{FAE04EC0-301F-11D3-BF4B-00C04F79EFBC}") = "TestRelativePanelDrop.Core", "TestRelativePanelDrop.Core\TestRelativePanelDrop.Core.csproj", "{EF94C57B-9EF2-4340-ABBC-EC912128EB30}"
EndProject
Global
	GlobalSection(SolutionConfigurationPlatforms) = preSolution
		Debug|x64 = Debug|x64
		Release|x64 = Release|x64
	EndGlobalSection
	GlobalSection(ProjectConfigurationPlatforms) = postSolution
		{24932385-D67F-4E2F-BE4A-7601E3F158FC}.Debug|x64.ActiveCfg = Debug|x64
		{24932385-D67F-4E2F-BE4A-7601E3F158FC}.Debug|x64.Build.0 = Debug|x64
		{24932385-D67F-4E2F-BE4A-7601E3F158FC}.Debug|x64.Deploy.0 = Debug|x64
		{24932385-D67F-4E2F-BE4A-7601E3F158FC}.Release|x64.ActiveCfg = Release|x64
		{24932385-D67F-4E2F-BE4A-7601E3F158FC}.Release|x64.Build.0 = Release|x64
		{24932385-D67F-4E2F-BE4A-7601E3F158FC}.Release|x64.Deploy.0 = Release|x64
		{EF94C57B-9EF2-4340-ABBC-EC912128EB30}.Debug|x64.ActiveCfg = Debug|x64
		{EF94C57B-9EF2-4340-ABBC-EC912128EB30}.Debug|x64.Build.0 = Debug|x64
		{EF94C57B-9EF2-4340-ABBC-EC912128EB30}.Release|x64.ActiveCfg = Release|x64
		{EF94C57B-9EF2-4340-ABBC-EC912128EB30}.Release|x64.Build.0 = Release|x64
	EndGlobalSection
	GlobalSection(SolutionProperties) = preSolution
		HideSolutionNode = FALSE
	EndGlobalSection
EndGlobal
